
Microsoft Visual Studio Solution File, Format Version 12.00
# Visual Studio Version 17
VisualStudioVersion = 17.14.36623.8
MinimumVisualStudioVersion = 10.0.40219.1
Project("{2150E333-8FDC-42A3-9474-1A3956D46DE8}") = "Core Layer", "Core Layer", "{02EA681E-C7D8-13C7-8484-4AC65E1B71E8}"
EndProject
Project("{FAE04EC0-301F-11D3-BF4B-00C04F79EFBC}") = "Entity", "Core Layer\Entity\Entity.csproj", "{C6055790-6DB0-496E-A0F5-61BF81094064}"
EndProject
Project("{FAE04EC0-301F-11D3-BF4B-00C04F79EFBC}") = "Interfaces", "Core Layer\Interfaces\Interfaces.csproj", "{87635F8B-5ACF-4D02-850C-EB0B0222C381}"
EndProject
Project("{FAE04EC0-301F-11D3-BF4B-00C04F79EFBC}") = "Enums", "Core Layer\Enums\Enums.csproj", "{76774773-CC9E-4F0F-8886-148D052A29B8}"
EndProject
Project("{2150E333-8FDC-42A3-9474-1A3956D46DE8}") = "Shared Layer", "Shared Layer", "{5B928501-00B4-44E0-BC27-187FF1568A6B}"
EndProject
Project("{FAE04EC0-301F-11D3-BF4B-00C04F79EFBC}") = "DTOs", "Shared Layer\DTOs\DTOs.csproj", "{34F577EF-CBE6-4ED3-AEE3-C3FC9C91D852}"
EndProject
Project("{FAE04EC0-301F-11D3-BF4B-00C04F79EFBC}") = "Constants", "Shared Layer\Constants\Constants.csproj", "{4DF88CAB-3FEA-488A-885F-287E4CD137B8}"
EndProject
Project("{FAE04EC0-301F-11D3-BF4B-00C04F79EFBC}") = "Exceptions", "Shared Layer\Exceptions\Exceptions.csproj", "{2146B054-33FB-449A-8312-7C28E736D6D9}"
EndProject
Project("{FAE04EC0-301F-11D3-BF4B-00C04F79EFBC}") = "Helpers", "Shared Layer\Helpers\Helpers.csproj", "{B1AF878C-9AA2-4D5E-BFDA-34AD63C92744}"
EndProject
Project("{2150E333-8FDC-42A3-9474-1A3956D46DE8}") = "Infrastructure Layer", "Infrastructure Layer", "{9375D64F-31A1-48AA-939A-153E17BA313D}"
EndProject
Project("{FAE04EC0-301F-11D3-BF4B-00C04F79EFBC}") = "DataAccess", "Infrastructure Layer\DataAccess\DataAccess.csproj", "{93F43023-4CE3-45F4-9620-0F6CE13A9234}"
EndProject
Project("{FAE04EC0-301F-11D3-BF4B-00C04F79EFBC}") = "Configurations", "Infrastructure Layer\Configurations\Configurations.csproj", "{CA3BB6AC-1BBB-46EB-926B-4359B9121A38}"
EndProject
Project("{FAE04EC0-301F-11D3-BF4B-00C04F79EFBC}") = "Repositories", "Infrastructure Layer\Repositories\Repositories.csproj", "{6C79FC42-4EA3-4C20-A17C-D32F87322932}"
EndProject
Global
	GlobalSection(SolutionConfigurationPlatforms) = preSolution
		Debug|Any CPU = Debug|Any CPU
		Release|Any CPU = Release|Any CPU
	EndGlobalSection
	GlobalSection(ProjectConfigurationPlatforms) = postSolution
		{C6055790-6DB0-496E-A0F5-61BF81094064}.Debug|Any CPU.ActiveCfg = Debug|Any CPU
		{C6055790-6DB0-496E-A0F5-61BF81094064}.Debug|Any CPU.Build.0 = Debug|Any CPU
		{C6055790-6DB0-496E-A0F5-61BF81094064}.Release|Any CPU.ActiveCfg = Release|Any CPU
		{C6055790-6DB0-496E-A0F5-61BF81094064}.Release|Any CPU.Build.0 = Release|Any CPU
		{87635F8B-5ACF-4D02-850C-EB0B0222C381}.Debug|Any CPU.ActiveCfg = Debug|Any CPU
		{87635F8B-5ACF-4D02-850C-EB0B0222C381}.Debug|Any CPU.Build.0 = Debug|Any CPU
		{87635F8B-5ACF-4D02-850C-EB0B0222C381}.Release|Any CPU.ActiveCfg = Release|Any CPU
		{87635F8B-5ACF-4D02-850C-EB0B0222C381}.Release|Any CPU.Build.0 = Release|Any CPU
		{76774773-CC9E-4F0F-8886-148D052A29B8}.Debug|Any CPU.ActiveCfg = Debug|Any CPU
		{76774773-CC9E-4F0F-8886-148D052A29B8}.Debug|Any CPU.Build.0 = Debug|Any CPU
		{76774773-CC9E-4F0F-8886-148D052A29B8}.Release|Any CPU.ActiveCfg = Release|Any CPU
		{76774773-CC9E-4F0F-8886-148D052A29B8}.Release|Any CPU.Build.0 = Release|Any CPU
		{34F577EF-CBE6-4ED3-AEE3-C3FC9C91D852}.Debug|Any CPU.ActiveCfg = Debug|Any CPU
		{34F577EF-CBE6-4ED3-AEE3-C3FC9C91D852}.Debug|Any CPU.Build.0 = Debug|Any CPU
		{34F577EF-CBE6-4ED3-AEE3-C3FC9C91D852}.Release|Any CPU.ActiveCfg = Release|Any CPU
		{34F577EF-CBE6-4ED3-AEE3-C3FC9C91D852}.Release|Any CPU.Build.0 = Release|Any CPU
		{4DF88CAB-3FEA-488A-885F-287E4CD137B8}.Debug|Any CPU.ActiveCfg = Debug|Any CPU
		{4DF88CAB-3FEA-488A-885F-287E4CD137B8}.Debug|Any CPU.Build.0 = Debug|Any CPU
		{4DF88CAB-3FEA-488A-885F-287E4CD137B8}.Release|Any CPU.ActiveCfg = Release|Any CPU
		{4DF88CAB-3FEA-488A-885F-287E4CD137B8}.Release|Any CPU.Build.0 = Release|Any CPU
		{2146B054-33FB-449A-8312-7C28E736D6D9}.Debug|Any CPU.ActiveCfg = Debug|Any CPU
		{2146B054-33FB-449A-8312-7C28E736D6D9}.Debug|Any CPU.Build.0 = Debug|Any CPU
		{2146B054-33FB-449A-8312-7C28E736D6D9}.Release|Any CPU.ActiveCfg = Release|Any CPU
		{2146B054-33FB-449A-8312-7C28E736D6D9}.Release|Any CPU.Build.0 = Release|Any CPU
		{B1AF878C-9AA2-4D5E-BFDA-34AD63C92744}.Debug|Any CPU.ActiveCfg = Debug|Any CPU
		{B1AF878C-9AA2-4D5E-BFDA-34AD63C92744}.Debug|Any CPU.Build.0 = Debug|Any CPU
		{B1AF878C-9AA2-4D5E-BFDA-34AD63C92744}.Release|Any CPU.ActiveCfg = Release|Any CPU
		{B1AF878C-9AA2-4D5E-BFDA-34AD63C92744}.Release|Any CPU.Build.0 = Release|Any CPU
		{93F43023-4CE3-45F4-9620-0F6CE13A9234}.Debug|Any CPU.ActiveCfg = Debug|Any CPU
		{93F43023-4CE3-45F4-9620-0F6CE13A9234}.Debug|Any CPU.Build.0 = Debug|Any CPU
		{93F43023-4CE3-45F4-9620-0F6CE13A9234}.Release|Any CPU.ActiveCfg = Release|Any CPU
		{93F43023-4CE3-45F4-9620-0F6CE13A9234}.Release|Any CPU.Build.0 = Release|Any CPU
		{CA3BB6AC-1BBB-46EB-926B-4359B9121A38}.Debug|Any CPU.ActiveCfg = Debug|Any CPU
		{CA3BB6AC-1BBB-46EB-926B-4359B9121A38}.Debug|Any CPU.Build.0 = Debug|Any CPU
		{CA3BB6AC-1BBB-46EB-926B-4359B9121A38}.Release|Any CPU.ActiveCfg = Release|Any CPU
		{CA3BB6AC-1BBB-46EB-926B-4359B9121A38}.Release|Any CPU.Build.0 = Release|Any CPU
		{6C79FC42-4EA3-4C20-A17C-D32F87322932}.Debug|Any CPU.ActiveCfg = Debug|Any CPU
		{6C79FC42-4EA3-4C20-A17C-D32F87322932}.Debug|Any CPU.Build.0 = Debug|Any CPU
		{6C79FC42-4EA3-4C20-A17C-D32F87322932}.Release|Any CPU.ActiveCfg = Release|Any CPU
		{6C79FC42-4EA3-4C20-A17C-D32F87322932}.Release|Any CPU.Build.0 = Release|Any CPU
	EndGlobalSection
	GlobalSection(SolutionProperties) = preSolution
		HideSolutionNode = FALSE
	EndGlobalSection
	GlobalSection(NestedProjects) = preSolution
		{C6055790-6DB0-496E-A0F5-61BF81094064} = {02EA681E-C7D8-13C7-8484-4AC65E1B71E8}
		{87635F8B-5ACF-4D02-850C-EB0B0222C381} = {02EA681E-C7D8-13C7-8484-4AC65E1B71E8}
		{76774773-CC9E-4F0F-8886-148D052A29B8} = {02EA681E-C7D8-13C7-8484-4AC65E1B71E8}
		{34F577EF-CBE6-4ED3-AEE3-C3FC9C91D852} = {5B928501-00B4-44E0-BC27-187FF1568A6B}
		{4DF88CAB-3FEA-488A-885F-287E4CD137B8} = {5B928501-00B4-44E0-BC27-187FF1568A6B}
		{2146B054-33FB-449A-8312-7C28E736D6D9} = {5B928501-00B4-44E0-BC27-187FF1568A6B}
		{B1AF878C-9AA2-4D5E-BFDA-34AD63C92744} = {5B928501-00B4-44E0-BC27-187FF1568A6B}
		{93F43023-4CE3-45F4-9620-0F6CE13A9234} = {9375D64F-31A1-48AA-939A-153E17BA313D}
		{CA3BB6AC-1BBB-46EB-926B-4359B9121A38} = {9375D64F-31A1-48AA-939A-153E17BA313D}
		{6C79FC42-4EA3-4C20-A17C-D32F87322932} = {9375D64F-31A1-48AA-939A-153E17BA313D}
	EndGlobalSection
	GlobalSection(ExtensibilityGlobals) = postSolution
		SolutionGuid = {08305504-7B2B-4308-A903-2DF88E152148}
	EndGlobalSection
EndGlobal
